PODS:
  - CloudKitSynchronizer (0.1.0):
    - GRDB.swift
  - GRDB.swift (5.8.0):
    - GRDB.swift/standard (= 5.8.0)
  - GRDB.swift/standard (5.8.0)

DEPENDENCIES:
  - CloudKitSynchronizer (from `.`)
  - GRDB.swift

SPEC REPOS:
  trunk:
    - GRDB.swift

EXTERNAL SOURCES:
  CloudKitSynchronizer:
    :path: "."

SPEC CHECKSUMS:
  CloudKitSynchronizer: 4fe4c52c1d9c32c83bc7144186fe11d4d69125f8
  GRDB.swift: 9b9beec114435e1d852ad68c136cff4c71134627

PODFILE CHECKSUM: 0d7871b0d6ea2db201d6ebc5e0673b507d6074a0

COCOAPODS: 1.12.1
