PODS:
  - GRDB.swift (5.6.0):
    - GRDB.swift/standard (= 5.6.0)
  - GRDB.swift/standard (5.6.0)

DEPENDENCIES:
  - GRDB.swift

SPEC REPOS:
  trunk:
    - GRDB.swift

SPEC CHECKSUMS:
  GRDB.swift: c91e3a2a59b5cdef17c2190015fd29ffee76922c

PODFILE CHECKSUM: a3b006ca41493c2f29b9eb22233f77103ff5224b

COCOAPODS: 1.10.1
