PODS:
  - Cuckoo (1.3.0):
    - Cuckoo/Swift (= 1.3.0)
  - Cuckoo/Swift (1.3.0)
  - GRDB.swift (4.5.0):
    - GRDB.swift/standard (= 4.5.0)
  - GRDB.swift/standard (4.5.0)
  - MockFive (0.03)

DEPENDENCIES:
  - Cuckoo
  - GRDB.swift
  - MockFive

SPEC REPOS:
  trunk:
    - Cuckoo
    - GRDB.swift
    - MockFive

SPEC CHECKSUMS:
  Cuckoo: 4045c5a8ce378c919c20c5ff3d6dd11ded0ec699
  GRDB.swift: f9c4cabfb4d1266685e80b1f6ea433eb61c7950c
  MockFive: 0a8a473f8c9ae55d852dc0dfa42d0dde8b0f44e6

PODFILE CHECKSUM: 1e19890038ff78f051e9c6409b2fb437597c20dc

COCOAPODS: 1.8.4
