{
  "pins" : [
    {
      "identity" : "grdb.swift",
      "kind" : "remoteSourceControl",
      "location" : "https://github.com/groue/GRDB.swift.git",
      "state" : {
        "revision" : "af13c91744ad8607c94ffbca3b0f98fa00692417",
        "version" : "5.8.0"
      }
    }
  ],
  "version" : 2
}
