// !$*UTF8*$!
{
	archiveVersion = 1;
	classes = {
	};
	objectVersion = 51;
	objects = {

/* Begin PBXBuildFile section */
		80C64DAEF400D928859F50A3 /* Pods_CloudKitSynchronizer.framework in Frameworks */ = {isa = PBXBuildFile; fileRef = B403EC43B6FF3FF4A1FBC930 /* Pods_CloudKitSynchronizer.framework */; };
		B534A841BE03EE627826CD17 /* Pods_CloudKitSynchronizerTests.framework in Frameworks */ = {isa = PBXBuildFile; fileRef = 2E78516C54DB2465A3D39413 /* Pods_CloudKitSynchronizerTests.framework */; };
		C71BC6DA235D103D00F430F8 /* Model.swift in Sources */ = {isa = PBXBuildFile; fileRef = C71BC6D9235D103D00F430F8 /* Model.swift */; };
		C735FB3823AF4D14007C7CC7 /* TableObserverProtocols.swift in Sources */ = {isa = PBXBuildFile; fileRef = C735FB3723AF4D14007C7CC7 /* TableObserverProtocols.swift */; };
		C744A7EC2309B5B7004C163A /* CloudKitZoneAvailablityOperation.swift in Sources */ = {isa = PBXBuildFile; fileRef = C744A7EB2309B5B7004C163A /* CloudKitZoneAvailablityOperation.swift */; };
		C744A7EE2309BEC9004C163A /* AsynchronousOperation.swift in Sources */ = {isa = PBXBuildFile; fileRef = C744A7ED2309BEC9004C163A /* AsynchronousOperation.swift */; };
		C744A7F2231378F8004C163A /* SQLLiteTableObserver.swift in Sources */ = {isa = PBXBuildFile; fileRef = C744A7F1231378F8004C163A /* SQLLiteTableObserver.swift */; };
		C744A7F52313804B004C163A /* TableRow.swift in Sources */ = {isa = PBXBuildFile; fileRef = C744A7F42313804B004C163A /* TableRow.swift */; };
		C744A7F7231380B1004C163A /* CloudChangeTag.swift in Sources */ = {isa = PBXBuildFile; fileRef = C744A7F6231380B1004C163A /* CloudChangeTag.swift */; };
		C744A7F923138136004C163A /* CloudRecord.swift in Sources */ = {isa = PBXBuildFile; fileRef = C744A7F823138136004C163A /* CloudRecord.swift */; };
		C74B064823B26D15001BF7B5 /* CloudRecordStoringProtocols.swift in Sources */ = {isa = PBXBuildFile; fileRef = C74B064723B26D15001BF7B5 /* CloudRecordStoringProtocols.swift */; };
		C7653B622243390B000CDABB /* AppDelegate.swift in Sources */ = {isa = PBXBuildFile; fileRef = C7653B612243390B000CDABB /* AppDelegate.swift */; };
		C7653B642243390B000CDABB /* ViewController.swift in Sources */ = {isa = PBXBuildFile; fileRef = C7653B632243390B000CDABB /* ViewController.swift */; };
		C7653B692243390D000CDABB /* Assets.xcassets in Resources */ = {isa = PBXBuildFile; fileRef = C7653B682243390D000CDABB /* Assets.xcassets */; };
		C7653B6C2243390D000CDABB /* LaunchScreen.storyboard in Resources */ = {isa = PBXBuildFile; fileRef = C7653B6A2243390D000CDABB /* LaunchScreen.storyboard */; };
		C7653B772243390D000CDABB /* CloudSynchronizerTests.swift in Sources */ = {isa = PBXBuildFile; fileRef = C7653B762243390D000CDABB /* CloudSynchronizerTests.swift */; };
		C7653B832243396F000CDABB /* WordListViewController.swift in Sources */ = {isa = PBXBuildFile; fileRef = C7653B812243396F000CDABB /* WordListViewController.swift */; };
		C7653B8822434191000CDABB /* WordListTableCell.swift in Sources */ = {isa = PBXBuildFile; fileRef = C7653B8722434191000CDABB /* WordListTableCell.swift */; };
		C7653B912243F219000CDABB /* CloudSynchronizer.swift in Sources */ = {isa = PBXBuildFile; fileRef = C7653B8C2243F219000CDABB /* CloudSynchronizer.swift */; };
		C7653B922243F219000CDABB /* CloudKitRecordPullOperation.swift in Sources */ = {isa = PBXBuildFile; fileRef = C7653B8D2243F219000CDABB /* CloudKitRecordPullOperation.swift */; };
		C7653B932243F219000CDABB /* CloudOperation.swift in Sources */ = {isa = PBXBuildFile; fileRef = C7653B8E2243F219000CDABB /* CloudOperation.swift */; };
		C7653B942243F219000CDABB /* CloudKitRecordPushOperation.swift in Sources */ = {isa = PBXBuildFile; fileRef = C7653B8F2243F219000CDABB /* CloudKitRecordPushOperation.swift */; };
		C7653B992243F3C8000CDABB /* CloudModel.swift in Sources */ = {isa = PBXBuildFile; fileRef = C7653B982243F3C8000CDABB /* CloudModel.swift */; };
		C7653B9B2243F72C000CDABB /* Item.swift in Sources */ = {isa = PBXBuildFile; fileRef = C7653B9A2243F72C000CDABB /* Item.swift */; };
		C7653BA02243FB14000CDABB /* CloudKit.framework in Frameworks */ = {isa = PBXBuildFile; fileRef = C7653B9F2243FB14000CDABB /* CloudKit.framework */; };
		C7744CA8235D161900D7F2F6 /* Repo.swift in Sources */ = {isa = PBXBuildFile; fileRef = C7744CA7235D161900D7F2F6 /* Repo.swift */; };
		C7744CAA235D162C00D7F2F6 /* Directories.swift in Sources */ = {isa = PBXBuildFile; fileRef = C7744CA9235D162C00D7F2F6 /* Directories.swift */; };
		C7800EA222E52F57008D96D0 /* CloudOperationProtocols.swift in Sources */ = {isa = PBXBuildFile; fileRef = C7800EA122E52F57008D96D0 /* CloudOperationProtocols.swift */; };
		C79DC5BD23A7015C00CC2B17 /* GeneratedMocks.swift in Sources */ = {isa = PBXBuildFile; fileRef = C79DC5BC23A7015C00CC2B17 /* GeneratedMocks.swift */; };
		C7ABA0B523CC940700EF0A70 /* Log.swift in Sources */ = {isa = PBXBuildFile; fileRef = C7ABA0B423CC940700EF0A70 /* Log.swift */; };
		C7B8F4D323C108DC0067BDAF /* LSTDatabaseMigrator.swift in Sources */ = {isa = PBXBuildFile; fileRef = C7B8F4D223C108DC0067BDAF /* LSTDatabaseMigrator.swift */; };
		C7E421F122876C79002E0392 /* TableObserving.swift in Sources */ = {isa = PBXBuildFile; fileRef = C7E421F022876C78002E0392 /* TableObserving.swift */; };
		C7EF33A6234A96AA00781CB8 /* CloudRecordStore.swift in Sources */ = {isa = PBXBuildFile; fileRef = C7EF33A5234A96AA00781CB8 /* CloudRecordStore.swift */; };
/* End PBXBuildFile section */

/* Begin PBXContainerItemProxy section */
		C7653B732243390D000CDABB /* PBXContainerItemProxy */ = {
			isa = PBXContainerItemProxy;
			containerPortal = C7653B562243390B000CDABB /* Project object */;
			proxyType = 1;
			remoteGlobalIDString = C7653B5D2243390B000CDABB;
			remoteInfo = CloudKitSynchronizer;
		};
/* End PBXContainerItemProxy section */

/* Begin PBXFileReference section */
		256681AE651DDDC1F00227D0 /* Pods-CloudKitSynchronizerTests.release.xcconfig */ = {isa = PBXFileReference; includeInIndex = 1; lastKnownFileType = text.xcconfig; name = "Pods-CloudKitSynchronizerTests.release.xcconfig"; path = "Pods/Target Support Files/Pods-CloudKitSynchronizerTests/Pods-CloudKitSynchronizerTests.release.xcconfig"; sourceTree = "<group>"; };
		2E78516C54DB2465A3D39413 /* Pods_CloudKitSynchronizerTests.framework */ = {isa = PBXFileReference; explicitFileType = wrapper.framework; includeInIndex = 0; path = Pods_CloudKitSynchronizerTests.framework; sourceTree = BUILT_PRODUCTS_DIR; };
		924F6F494092E2F505D2CA15 /* Pods-CloudKitSynchronizer.release.xcconfig */ = {isa = PBXFileReference; includeInIndex = 1; lastKnownFileType = text.xcconfig; name = "Pods-CloudKitSynchronizer.release.xcconfig"; path = "Pods/Target Support Files/Pods-CloudKitSynchronizer/Pods-CloudKitSynchronizer.release.xcconfig"; sourceTree = "<group>"; };
		AF4DCF7C845E193ECC6A9D3C /* Pods-CloudKitSynchronizer.debug.xcconfig */ = {isa = PBXFileReference; includeInIndex = 1; lastKnownFileType = text.xcconfig; name = "Pods-CloudKitSynchronizer.debug.xcconfig"; path = "Pods/Target Support Files/Pods-CloudKitSynchronizer/Pods-CloudKitSynchronizer.debug.xcconfig"; sourceTree = "<group>"; };
		B403EC43B6FF3FF4A1FBC930 /* Pods_CloudKitSynchronizer.framework */ = {isa = PBXFileReference; explicitFileType = wrapper.framework; includeInIndex = 0; path = Pods_CloudKitSynchronizer.framework; sourceTree = BUILT_PRODUCTS_DIR; };
		B7200153EBD7878E90A555E6 /* Pods-CloudKitSynchronizerTests.debug.xcconfig */ = {isa = PBXFileReference; includeInIndex = 1; lastKnownFileType = text.xcconfig; name = "Pods-CloudKitSynchronizerTests.debug.xcconfig"; path = "Pods/Target Support Files/Pods-CloudKitSynchronizerTests/Pods-CloudKitSynchronizerTests.debug.xcconfig"; sourceTree = "<group>"; };
		C71BC6D9235D103D00F430F8 /* Model.swift */ = {isa = PBXFileReference; fileEncoding = 4; lastKnownFileType = sourcecode.swift; path = Model.swift; sourceTree = "<group>"; };
		C735FB3723AF4D14007C7CC7 /* TableObserverProtocols.swift */ = {isa = PBXFileReference; lastKnownFileType = sourcecode.swift; path = TableObserverProtocols.swift; sourceTree = "<group>"; };
		C744A7EB2309B5B7004C163A /* CloudKitZoneAvailablityOperation.swift */ = {isa = PBXFileReference; lastKnownFileType = sourcecode.swift; path = CloudKitZoneAvailablityOperation.swift; sourceTree = "<group>"; };
		C744A7ED2309BEC9004C163A /* AsynchronousOperation.swift */ = {isa = PBXFileReference; lastKnownFileType = sourcecode.swift; path = AsynchronousOperation.swift; sourceTree = "<group>"; };
		C744A7F1231378F8004C163A /* SQLLiteTableObserver.swift */ = {isa = PBXFileReference; lastKnownFileType = sourcecode.swift; path = SQLLiteTableObserver.swift; sourceTree = "<group>"; };
		C744A7F42313804B004C163A /* TableRow.swift */ = {isa = PBXFileReference; lastKnownFileType = sourcecode.swift; path = TableRow.swift; sourceTree = "<group>"; };
		C744A7F6231380B1004C163A /* CloudChangeTag.swift */ = {isa = PBXFileReference; lastKnownFileType = sourcecode.swift; path = CloudChangeTag.swift; sourceTree = "<group>"; };
		C744A7F823138136004C163A /* CloudRecord.swift */ = {isa = PBXFileReference; lastKnownFileType = sourcecode.swift; path = CloudRecord.swift; sourceTree = "<group>"; };
		C74B064723B26D15001BF7B5 /* CloudRecordStoringProtocols.swift */ = {isa = PBXFileReference; lastKnownFileType = sourcecode.swift; path = CloudRecordStoringProtocols.swift; sourceTree = "<group>"; };
		C7653B5E2243390B000CDABB /* CloudKitSynchronizer.app */ = {isa = PBXFileReference; explicitFileType = wrapper.application; includeInIndex = 0; path = CloudKitSynchronizer.app; sourceTree = BUILT_PRODUCTS_DIR; };
		C7653B612243390B000CDABB /* AppDelegate.swift */ = {isa = PBXFileReference; lastKnownFileType = sourcecode.swift; path = AppDelegate.swift; sourceTree = "<group>"; };
		C7653B632243390B000CDABB /* ViewController.swift */ = {isa = PBXFileReference; lastKnownFileType = sourcecode.swift; path = ViewController.swift; sourceTree = "<group>"; };
		C7653B682243390D000CDABB /* Assets.xcassets */ = {isa = PBXFileReference; lastKnownFileType = folder.assetcatalog; path = Assets.xcassets; sourceTree = "<group>"; };
		C7653B6B2243390D000CDABB /* Base */ = {isa = PBXFileReference; lastKnownFileType = file.storyboard; name = Base; path = Base.lproj/LaunchScreen.storyboard; sourceTree = "<group>"; };
		C7653B6D2243390D000CDABB /* Info.plist */ = {isa = PBXFileReference; lastKnownFileType = text.plist.xml; path = Info.plist; sourceTree = "<group>"; };
		C7653B722243390D000CDABB /* CloudKitSynchronizerTests.xctest */ = {isa = PBXFileReference; explicitFileType = wrapper.cfbundle; includeInIndex = 0; path = CloudKitSynchronizerTests.xctest; sourceTree = BUILT_PRODUCTS_DIR; };
		C7653B762243390D000CDABB /* CloudSynchronizerTests.swift */ = {isa = PBXFileReference; lastKnownFileType = sourcecode.swift; path = CloudSynchronizerTests.swift; sourceTree = "<group>"; };
		C7653B782243390D000CDABB /* Info.plist */ = {isa = PBXFileReference; lastKnownFileType = text.plist.xml; path = Info.plist; sourceTree = "<group>"; };
		C7653B812243396F000CDABB /* WordListViewController.swift */ = {isa = PBXFileReference; lastKnownFileType = sourcecode.swift; path = WordListViewController.swift; sourceTree = "<group>"; };
		C7653B8722434191000CDABB /* WordListTableCell.swift */ = {isa = PBXFileReference; lastKnownFileType = sourcecode.swift; path = WordListTableCell.swift; sourceTree = "<group>"; };
		C7653B8C2243F219000CDABB /* CloudSynchronizer.swift */ = {isa = PBXFileReference; fileEncoding = 4; lastKnownFileType = sourcecode.swift; path = CloudSynchronizer.swift; sourceTree = "<group>"; };
		C7653B8D2243F219000CDABB /* CloudKitRecordPullOperation.swift */ = {isa = PBXFileReference; fileEncoding = 4; lastKnownFileType = sourcecode.swift; path = CloudKitRecordPullOperation.swift; sourceTree = "<group>"; };
		C7653B8E2243F219000CDABB /* CloudOperation.swift */ = {isa = PBXFileReference; fileEncoding = 4; lastKnownFileType = sourcecode.swift; path = CloudOperation.swift; sourceTree = "<group>"; };
		C7653B8F2243F219000CDABB /* CloudKitRecordPushOperation.swift */ = {isa = PBXFileReference; fileEncoding = 4; lastKnownFileType = sourcecode.swift; path = CloudKitRecordPushOperation.swift; sourceTree = "<group>"; };
		C7653B982243F3C8000CDABB /* CloudModel.swift */ = {isa = PBXFileReference; fileEncoding = 4; lastKnownFileType = sourcecode.swift; path = CloudModel.swift; sourceTree = "<group>"; };
		C7653B9A2243F72C000CDABB /* Item.swift */ = {isa = PBXFileReference; lastKnownFileType = sourcecode.swift; path = Item.swift; sourceTree = "<group>"; };
		C7653B9E2243FB10000CDABB /* CloudKitSynchronizer.entitlements */ = {isa = PBXFileReference; lastKnownFileType = text.plist.entitlements; path = CloudKitSynchronizer.entitlements; sourceTree = "<group>"; };
		C7653B9F2243FB14000CDABB /* CloudKit.framework */ = {isa = PBXFileReference; lastKnownFileType = wrapper.framework; name = CloudKit.framework; path = System/Library/Frameworks/CloudKit.framework; sourceTree = SDKROOT; };
		C7744CA7235D161900D7F2F6 /* Repo.swift */ = {isa = PBXFileReference; fileEncoding = 4; lastKnownFileType = sourcecode.swift; path = Repo.swift; sourceTree = "<group>"; };
		C7744CA9235D162C00D7F2F6 /* Directories.swift */ = {isa = PBXFileReference; fileEncoding = 4; lastKnownFileType = sourcecode.swift; path = Directories.swift; sourceTree = "<group>"; };
		C7800EA122E52F57008D96D0 /* CloudOperationProtocols.swift */ = {isa = PBXFileReference; lastKnownFileType = sourcecode.swift; path = CloudOperationProtocols.swift; sourceTree = "<group>"; };
		C79DC5BC23A7015C00CC2B17 /* GeneratedMocks.swift */ = {isa = PBXFileReference; fileEncoding = 4; lastKnownFileType = sourcecode.swift; path = GeneratedMocks.swift; sourceTree = "<group>"; };
		C7ABA0B423CC940700EF0A70 /* Log.swift */ = {isa = PBXFileReference; lastKnownFileType = sourcecode.swift; path = Log.swift; sourceTree = "<group>"; };
		C7B8F4D223C108DC0067BDAF /* LSTDatabaseMigrator.swift */ = {isa = PBXFileReference; lastKnownFileType = sourcecode.swift; path = LSTDatabaseMigrator.swift; sourceTree = "<group>"; };
		C7E421F022876C78002E0392 /* TableObserving.swift */ = {isa = PBXFileReference; lastKnownFileType = sourcecode.swift; path = TableObserving.swift; sourceTree = "<group>"; };
		C7EF33A5234A96AA00781CB8 /* CloudRecordStore.swift */ = {isa = PBXFileReference; lastKnownFileType = sourcecode.swift; path = CloudRecordStore.swift; sourceTree = "<group>"; };
/* End PBXFileReference section */

/* Begin PBXFrameworksBuildPhase section */
		C7653B5B2243390B000CDABB /* Frameworks */ = {
			isa = PBXFrameworksBuildPhase;
			buildActionMask = 2147483647;
			files = (
				80C64DAEF400D928859F50A3 /* Pods_CloudKitSynchronizer.framework in Frameworks */,
				C7653BA02243FB14000CDABB /* CloudKit.framework in Frameworks */,
			);
			runOnlyForDeploymentPostprocessing = 0;
		};
		C7653B6F2243390D000CDABB /* Frameworks */ = {
			isa = PBXFrameworksBuildPhase;
			buildActionMask = 2147483647;
			files = (
				B534A841BE03EE627826CD17 /* Pods_CloudKitSynchronizerTests.framework in Frameworks */,
			);
			runOnlyForDeploymentPostprocessing = 0;
		};
/* End PBXFrameworksBuildPhase section */

/* Begin PBXGroup section */
		A71EA5A90245689D506B7A4B /* Frameworks */ = {
			isa = PBXGroup;
			children = (
				C7653B9F2243FB14000CDABB /* CloudKit.framework */,
				B403EC43B6FF3FF4A1FBC930 /* Pods_CloudKitSynchronizer.framework */,
				2E78516C54DB2465A3D39413 /* Pods_CloudKitSynchronizerTests.framework */,
			);
			name = Frameworks;
			sourceTree = "<group>";
		};
		C23CA4D600A1CA8EB934ADA6 /* Pods */ = {
			isa = PBXGroup;
			children = (
				AF4DCF7C845E193ECC6A9D3C /* Pods-CloudKitSynchronizer.debug.xcconfig */,
				924F6F494092E2F505D2CA15 /* Pods-CloudKitSynchronizer.release.xcconfig */,
				B7200153EBD7878E90A555E6 /* Pods-CloudKitSynchronizerTests.debug.xcconfig */,
				256681AE651DDDC1F00227D0 /* Pods-CloudKitSynchronizerTests.release.xcconfig */,
			);
			name = Pods;
			sourceTree = "<group>";
		};
		C744A7EF231377CA004C163A /* Operations */ = {
			isa = PBXGroup;
			children = (
				C7800EA122E52F57008D96D0 /* CloudOperationProtocols.swift */,
				C7653B8D2243F219000CDABB /* CloudKitRecordPullOperation.swift */,
				C7653B8F2243F219000CDABB /* CloudKitRecordPushOperation.swift */,
				C744A7EB2309B5B7004C163A /* CloudKitZoneAvailablityOperation.swift */,
				C7653B8E2243F219000CDABB /* CloudOperation.swift */,
				C744A7ED2309BEC9004C163A /* AsynchronousOperation.swift */,
			);
			path = Operations;
			sourceTree = "<group>";
		};
		C744A7F023137814004C163A /* TableObserver */ = {
			isa = PBXGroup;
			children = (
				C735FB3723AF4D14007C7CC7 /* TableObserverProtocols.swift */,
				C7E421F022876C78002E0392 /* TableObserving.swift */,
				C744A7F1231378F8004C163A /* SQLLiteTableObserver.swift */,
			);
			path = TableObserver;
			sourceTree = "<group>";
		};
		C744A7F323138020004C163A /* Models */ = {
			isa = PBXGroup;
			children = (
				C7744CA7235D161900D7F2F6 /* Repo.swift */,
				C71BC6D9235D103D00F430F8 /* Model.swift */,
				C744A7F42313804B004C163A /* TableRow.swift */,
				C744A7F6231380B1004C163A /* CloudChangeTag.swift */,
				C744A7F823138136004C163A /* CloudRecord.swift */,
			);
			path = Models;
			sourceTree = "<group>";
		};
		C74B064923B26D47001BF7B5 /* CloudRecordStore */ = {
			isa = PBXGroup;
			children = (
				C74B064723B26D15001BF7B5 /* CloudRecordStoringProtocols.swift */,
				C7653B982243F3C8000CDABB /* CloudModel.swift */,
				C7EF33A5234A96AA00781CB8 /* CloudRecordStore.swift */,
			);
			path = CloudRecordStore;
			sourceTree = "<group>";
		};
		C74B064A23B26D7A001BF7B5 /* Util */ = {
			isa = PBXGroup;
			children = (
				C7744CA9235D162C00D7F2F6 /* Directories.swift */,
				C7ABA0B423CC940700EF0A70 /* Log.swift */,
			);
			path = Util;
			sourceTree = "<group>";
		};
		C7653B552243390B000CDABB = {
			isa = PBXGroup;
			children = (
				C7653B602243390B000CDABB /* CloudKitSynchronizer */,
				C7653B752243390D000CDABB /* CloudKitSynchronizerTests */,
				C7653B5F2243390B000CDABB /* Products */,
				C23CA4D600A1CA8EB934ADA6 /* Pods */,
				A71EA5A90245689D506B7A4B /* Frameworks */,
			);
			sourceTree = "<group>";
		};
		C7653B5F2243390B000CDABB /* Products */ = {
			isa = PBXGroup;
			children = (
				C7653B5E2243390B000CDABB /* CloudKitSynchronizer.app */,
				C7653B722243390D000CDABB /* CloudKitSynchronizerTests.xctest */,
			);
			name = Products;
			sourceTree = "<group>";
		};
		C7653B602243390B000CDABB /* CloudKitSynchronizer */ = {
			isa = PBXGroup;
			children = (
				C7653B9E2243FB10000CDABB /* CloudKitSynchronizer.entitlements */,
				C7653B8B2243F219000CDABB /* CloudSynchronizer */,
				C7653B9A2243F72C000CDABB /* Item.swift */,
				C7653B612243390B000CDABB /* AppDelegate.swift */,
				C7B8F4D223C108DC0067BDAF /* LSTDatabaseMigrator.swift */,
				C7653B632243390B000CDABB /* ViewController.swift */,
				C7653B812243396F000CDABB /* WordListViewController.swift */,
				C7653B8722434191000CDABB /* WordListTableCell.swift */,
				C7653B682243390D000CDABB /* Assets.xcassets */,
				C7653B6A2243390D000CDABB /* LaunchScreen.storyboard */,
				C7653B6D2243390D000CDABB /* Info.plist */,
			);
			path = CloudKitSynchronizer;
			sourceTree = "<group>";
		};
		C7653B752243390D000CDABB /* CloudKitSynchronizerTests */ = {
			isa = PBXGroup;
			children = (
				C7653B762243390D000CDABB /* CloudSynchronizerTests.swift */,
				C79DC5BC23A7015C00CC2B17 /* GeneratedMocks.swift */,
				C7653B782243390D000CDABB /* Info.plist */,
			);
			path = CloudKitSynchronizerTests;
			sourceTree = "<group>";
		};
		C7653B8B2243F219000CDABB /* CloudSynchronizer */ = {
			isa = PBXGroup;
			children = (
				C74B064A23B26D7A001BF7B5 /* Util */,
				C7653B8C2243F219000CDABB /* CloudSynchronizer.swift */,
				C74B064923B26D47001BF7B5 /* CloudRecordStore */,
				C744A7EF231377CA004C163A /* Operations */,
				C744A7F023137814004C163A /* TableObserver */,
				C744A7F323138020004C163A /* Models */,
			);
			path = CloudSynchronizer;
			sourceTree = "<group>";
		};
/* End PBXGroup section */

/* Begin PBXNativeTarget section */
		C7653B5D2243390B000CDABB /* CloudKitSynchronizer */ = {
			isa = PBXNativeTarget;
			buildConfigurationList = C7653B7B2243390D000CDABB /* Build configuration list for PBXNativeTarget "CloudKitSynchronizer" */;
			buildPhases = (
				99AFC0ADD2A3FC4500017F31 /* [CP] Check Pods Manifest.lock */,
				C7653B5A2243390B000CDABB /* Sources */,
				C7653B5B2243390B000CDABB /* Frameworks */,
				C7653B5C2243390B000CDABB /* Resources */,
				17E7A637E92A86D133F0A583 /* [CP] Embed Pods Frameworks */,
			);
			buildRules = (
			);
			dependencies = (
			);
			name = CloudKitSynchronizer;
			productName = CloudKitSynchronizer;
			productReference = C7653B5E2243390B000CDABB /* CloudKitSynchronizer.app */;
			productType = "com.apple.product-type.application";
		};
		C7653B712243390D000CDABB /* CloudKitSynchronizerTests */ = {
			isa = PBXNativeTarget;
			buildConfigurationList = C7653B7E2243390D000CDABB /* Build configuration list for PBXNativeTarget "CloudKitSynchronizerTests" */;
			buildPhases = (
				E8D5DBD136536A0296938195 /* [CP] Check Pods Manifest.lock */,
				C79DC5BE23A7023C00CC2B17 /* Cuckoo Mocks */,
				C7653B6E2243390D000CDABB /* Sources */,
				C7653B6F2243390D000CDABB /* Frameworks */,
				C7653B702243390D000CDABB /* Resources */,
				737331CD4CCD7CE2176BB640 /* [CP] Embed Pods Frameworks */,
			);
			buildRules = (
			);
			dependencies = (
				C7653B742243390D000CDABB /* PBXTargetDependency */,
			);
			name = CloudKitSynchronizerTests;
			productName = CloudKitSynchronizerTests;
			productReference = C7653B722243390D000CDABB /* CloudKitSynchronizerTests.xctest */;
			productType = "com.apple.product-type.bundle.unit-test";
		};
/* End PBXNativeTarget section */

/* Begin PBXProject section */
		C7653B562243390B000CDABB /* Project object */ = {
			isa = PBXProject;
			attributes = {
				LastSwiftUpdateCheck = 1010;
				LastUpgradeCheck = 1010;
				ORGANIZATIONNAME = "Kelly Huberty";
				TargetAttributes = {
					C7653B5D2243390B000CDABB = {
						CreatedOnToolsVersion = 10.1;
						LastSwiftMigration = 1100;
						SystemCapabilities = {
							com.apple.Push = {
								enabled = 1;
							};
							com.apple.iCloud = {
								enabled = 1;
							};
						};
					};
					C7653B712243390D000CDABB = {
						CreatedOnToolsVersion = 10.1;
						LastSwiftMigration = 1100;
						TestTargetID = C7653B5D2243390B000CDABB;
					};
				};
			};
			buildConfigurationList = C7653B592243390B000CDABB /* Build configuration list for PBXProject "CloudKitSynchronizer" */;
			compatibilityVersion = "Xcode 9.3";
			developmentRegion = en;
			hasScannedForEncodings = 0;
			knownRegions = (
				en,
				Base,
			);
			mainGroup = C7653B552243390B000CDABB;
			productRefGroup = C7653B5F2243390B000CDABB /* Products */;
			projectDirPath = "";
			projectRoot = "";
			targets = (
				C7653B5D2243390B000CDABB /* CloudKitSynchronizer */,
				C7653B712243390D000CDABB /* CloudKitSynchronizerTests */,
			);
		};
/* End PBXProject section */

/* Begin PBXResourcesBuildPhase section */
		C7653B5C2243390B000CDABB /* Resources */ = {
			isa = PBXResourcesBuildPhase;
			buildActionMask = 2147483647;
			files = (
				C7653B6C2243390D000CDABB /* LaunchScreen.storyboard in Resources */,
				C7653B692243390D000CDABB /* Assets.xcassets in Resources */,
			);
			runOnlyForDeploymentPostprocessing = 0;
		};
		C7653B702243390D000CDABB /* Resources */ = {
			isa = PBXResourcesBuildPhase;
			buildActionMask = 2147483647;
			files = (
			);
			runOnlyForDeploymentPostprocessing = 0;
		};
/* End PBXResourcesBuildPhase section */

/* Begin PBXShellScriptBuildPhase section */
		17E7A637E92A86D133F0A583 /* [CP] Embed Pods Frameworks */ = {
			isa = PBXShellScriptBuildPhase;
			buildActionMask = 2147483647;
			files = (
			);
			inputFileListPaths = (
				"${PODS_ROOT}/Target Support Files/Pods-CloudKitSynchronizer/Pods-CloudKitSynchronizer-frameworks-${CONFIGURATION}-input-files.xcfilelist",
			);
			name = "[CP] Embed Pods Frameworks";
			outputFileListPaths = (
				"${PODS_ROOT}/Target Support Files/Pods-CloudKitSynchronizer/Pods-CloudKitSynchronizer-frameworks-${CONFIGURATION}-output-files.xcfilelist",
			);
			runOnlyForDeploymentPostprocessing = 0;
			shellPath = /bin/sh;
			shellScript = "\"${PODS_ROOT}/Target Support Files/Pods-CloudKitSynchronizer/Pods-CloudKitSynchronizer-frameworks.sh\"\n";
			showEnvVarsInLog = 0;
		};
		737331CD4CCD7CE2176BB640 /* [CP] Embed Pods Frameworks */ = {
			isa = PBXShellScriptBuildPhase;
			buildActionMask = 2147483647;
			files = (
			);
			inputFileListPaths = (
				"${PODS_ROOT}/Target Support Files/Pods-CloudKitSynchronizerTests/Pods-CloudKitSynchronizerTests-frameworks-${CONFIGURATION}-input-files.xcfilelist",
			);
			name = "[CP] Embed Pods Frameworks";
			outputFileListPaths = (
				"${PODS_ROOT}/Target Support Files/Pods-CloudKitSynchronizerTests/Pods-CloudKitSynchronizerTests-frameworks-${CONFIGURATION}-output-files.xcfilelist",
			);
			runOnlyForDeploymentPostprocessing = 0;
			shellPath = /bin/sh;
			shellScript = "\"${PODS_ROOT}/Target Support Files/Pods-CloudKitSynchronizerTests/Pods-CloudKitSynchronizerTests-frameworks.sh\"\n";
			showEnvVarsInLog = 0;
		};
		99AFC0ADD2A3FC4500017F31 /* [CP] Check Pods Manifest.lock */ = {
			isa = PBXShellScriptBuildPhase;
			buildActionMask = 2147483647;
			files = (
			);
			inputPaths = (
				"${PODS_PODFILE_DIR_PATH}/Podfile.lock",
				"${PODS_ROOT}/Manifest.lock",
			);
			name = "[CP] Check Pods Manifest.lock";
			outputPaths = (
				"$(DERIVED_FILE_DIR)/Pods-CloudKitSynchronizer-checkManifestLockResult.txt",
			);
			runOnlyForDeploymentPostprocessing = 0;
			shellPath = /bin/sh;
			shellScript = "diff \"${PODS_PODFILE_DIR_PATH}/Podfile.lock\" \"${PODS_ROOT}/Manifest.lock\" > /dev/null\nif [ $? != 0 ] ; then\n    # print error to STDERR\n    echo \"error: The sandbox is not in sync with the Podfile.lock. Run 'pod install' or update your CocoaPods installation.\" >&2\n    exit 1\nfi\n# This output is used by Xcode 'outputs' to avoid re-running this script phase.\necho \"SUCCESS\" > \"${SCRIPT_OUTPUT_FILE_0}\"\n";
			showEnvVarsInLog = 0;
		};
		C79DC5BE23A7023C00CC2B17 /* Cuckoo Mocks */ = {
			isa = PBXShellScriptBuildPhase;
			buildActionMask = 2147483647;
			files = (
			);
			inputFileListPaths = (
			);
			inputPaths = (
			);
			name = "Cuckoo Mocks";
			outputFileListPaths = (
			);
			outputPaths = (
			);
			runOnlyForDeploymentPostprocessing = 0;
			shellPath = /bin/sh;
			shellScript = "# Define output file. Change \"${PROJECT_DIR}/${PROJECT_NAME}Tests\" to your test's root source folder, if it's not the default name.\nOUTPUT_FILE=\"${PROJECT_DIR}/${PROJECT_NAME}Tests/GeneratedMocks.swift\"\necho \"Generated Mocks File = ${OUTPUT_FILE}\"\n\n# Define input directory. Change \"${PROJECT_DIR}/${PROJECT_NAME}\" to your project's root source folder, if it's not the default name.\nINPUT_DIR=\"${PROJECT_DIR}/${PROJECT_NAME}\"\necho \"Mocks Input Directory = ${INPUT_DIR}\"\n\n# Generate mock files, include as many input files as you'd like to create mocks for.\n\"${PODS_ROOT}/Cuckoo/run\" generate --testable \"${PROJECT_NAME}\" \\\n--output \"${OUTPUT_FILE}\" \\\n\"${INPUT_DIR}/CloudSynchronizer/Operations/CloudOperationProtocols.swift\" \\\n\"${INPUT_DIR}/CloudSynchronizer/TableObserver/TableObserverProtocols.swift\" \\\n\"${INPUT_DIR}/CloudSynchronizer/CloudRecordStore/CloudRecordStoringProtocols.swift\"\n# ... and so forth, the last line should never end with a backslash\n\n# After running once, locate `GeneratedMocks.swift` and drag it into your Xcode test target group.\n";
		};
		E8D5DBD136536A0296938195 /* [CP] Check Pods Manifest.lock */ = {
			isa = PBXShellScriptBuildPhase;
			buildActionMask = 2147483647;
			files = (
			);
			inputPaths = (
				"${PODS_PODFILE_DIR_PATH}/Podfile.lock",
				"${PODS_ROOT}/Manifest.lock",
			);
			name = "[CP] Check Pods Manifest.lock";
			outputPaths = (
				"$(DERIVED_FILE_DIR)/Pods-CloudKitSynchronizerTests-checkManifestLockResult.txt",
			);
			runOnlyForDeploymentPostprocessing = 0;
			shellPath = /bin/sh;
			shellScript = "diff \"${PODS_PODFILE_DIR_PATH}/Podfile.lock\" \"${PODS_ROOT}/Manifest.lock\" > /dev/null\nif [ $? != 0 ] ; then\n    # print error to STDERR\n    echo \"error: The sandbox is not in sync with the Podfile.lock. Run 'pod install' or update your CocoaPods installation.\" >&2\n    exit 1\nfi\n# This output is used by Xcode 'outputs' to avoid re-running this script phase.\necho \"SUCCESS\" > \"${SCRIPT_OUTPUT_FILE_0}\"\n";
			showEnvVarsInLog = 0;
		};
/* End PBXShellScriptBuildPhase section */

/* Begin PBXSourcesBuildPhase section */
		C7653B5A2243390B000CDABB /* Sources */ = {
			isa = PBXSourcesBuildPhase;
			buildActionMask = 2147483647;
			files = (
				C7744CA8235D161900D7F2F6 /* Repo.swift in Sources */,
				C7653B992243F3C8000CDABB /* CloudModel.swift in Sources */,
				C7ABA0B523CC940700EF0A70 /* Log.swift in Sources */,
				C7653B642243390B000CDABB /* ViewController.swift in Sources */,
				C7653B922243F219000CDABB /* CloudKitRecordPullOperation.swift in Sources */,
				C7653B9B2243F72C000CDABB /* Item.swift in Sources */,
				C744A7EE2309BEC9004C163A /* AsynchronousOperation.swift in Sources */,
				C7653B622243390B000CDABB /* AppDelegate.swift in Sources */,
				C744A7F2231378F8004C163A /* SQLLiteTableObserver.swift in Sources */,
				C7EF33A6234A96AA00781CB8 /* CloudRecordStore.swift in Sources */,
				C7744CAA235D162C00D7F2F6 /* Directories.swift in Sources */,
				C744A7EC2309B5B7004C163A /* CloudKitZoneAvailablityOperation.swift in Sources */,
				C7B8F4D323C108DC0067BDAF /* LSTDatabaseMigrator.swift in Sources */,
				C7653B932243F219000CDABB /* CloudOperation.swift in Sources */,
				C744A7F7231380B1004C163A /* CloudChangeTag.swift in Sources */,
				C7653B942243F219000CDABB /* CloudKitRecordPushOperation.swift in Sources */,
				C7800EA222E52F57008D96D0 /* CloudOperationProtocols.swift in Sources */,
				C74B064823B26D15001BF7B5 /* CloudRecordStoringProtocols.swift in Sources */,
				C7E421F122876C79002E0392 /* TableObserving.swift in Sources */,
				C744A7F52313804B004C163A /* TableRow.swift in Sources */,
				C7653B8822434191000CDABB /* WordListTableCell.swift in Sources */,
				C7653B912243F219000CDABB /* CloudSynchronizer.swift in Sources */,
				C735FB3823AF4D14007C7CC7 /* TableObserverProtocols.swift in Sources */,
				C71BC6DA235D103D00F430F8 /* Model.swift in Sources */,
				C7653B832243396F000CDABB /* WordListViewController.swift in Sources */,
				C744A7F923138136004C163A /* CloudRecord.swift in Sources */,
			);
			runOnlyForDeploymentPostprocessing = 0;
		};
		C7653B6E2243390D000CDABB /* Sources */ = {
			isa = PBXSourcesBuildPhase;
			buildActionMask = 2147483647;
			files = (
				C7653B772243390D000CDABB /* CloudSynchronizerTests.swift in Sources */,
				C79DC5BD23A7015C00CC2B17 /* GeneratedMocks.swift in Sources */,
			);
			runOnlyForDeploymentPostprocessing = 0;
		};
/* End PBXSourcesBuildPhase section */

/* Begin PBXTargetDependency section */
		C7653B742243390D000CDABB /* PBXTargetDependency */ = {
			isa = PBXTargetDependency;
			target = C7653B5D2243390B000CDABB /* CloudKitSynchronizer */;
			targetProxy = C7653B732243390D000CDABB /* PBXContainerItemProxy */;
		};
/* End PBXTargetDependency section */

/* Begin PBXVariantGroup section */
		C7653B6A2243390D000CDABB /* LaunchScreen.storyboard */ = {
			isa = PBXVariantGroup;
			children = (
				C7653B6B2243390D000CDABB /* Base */,
			);
			name = LaunchScreen.storyboard;
			sourceTree = "<group>";
		};
/* End PBXVariantGroup section */

/* Begin XCBuildConfiguration section */
		C7653B792243390D000CDABB /* Debug */ = {
			isa = XCBuildConfiguration;
			buildSettings = {
				ALWAYS_SEARCH_USER_PATHS = NO;
				CLANG_ANALYZER_NONNULL = YES;
				CLANG_ANALYZER_NUMBER_OBJECT_CONVERSION = YES_AGGRESSIVE;
				CLANG_CXX_LANGUAGE_STANDARD = "gnu++14";
				CLANG_CXX_LIBRARY = "libc++";
				CLANG_ENABLE_MODULES = YES;
				CLANG_ENABLE_OBJC_ARC = YES;
				CLANG_ENABLE_OBJC_WEAK = YES;
				CLANG_WARN_BLOCK_CAPTURE_AUTORELEASING = YES;
				CLANG_WARN_BOOL_CONVERSION = YES;
				CLANG_WARN_COMMA = YES;
				CLANG_WARN_CONSTANT_CONVERSION = YES;
				CLANG_WARN_DEPRECATED_OBJC_IMPLEMENTATIONS = YES;
				CLANG_WARN_DIRECT_OBJC_ISA_USAGE = YES_ERROR;
				CLANG_WARN_DOCUMENTATION_COMMENTS = YES;
				CLANG_WARN_EMPTY_BODY = YES;
				CLANG_WARN_ENUM_CONVERSION = YES;
				CLANG_WARN_INFINITE_RECURSION = YES;
				CLANG_WARN_INT_CONVERSION = YES;
				CLANG_WARN_NON_LITERAL_NULL_CONVERSION = YES;
				CLANG_WARN_OBJC_IMPLICIT_RETAIN_SELF = YES;
				CLANG_WARN_OBJC_LITERAL_CONVERSION = YES;
				CLANG_WARN_OBJC_ROOT_CLASS = YES_ERROR;
				CLANG_WARN_RANGE_LOOP_ANALYSIS = YES;
				CLANG_WARN_STRICT_PROTOTYPES = YES;
				CLANG_WARN_SUSPICIOUS_MOVE = YES;
				CLANG_WARN_UNGUARDED_AVAILABILITY = YES_AGGRESSIVE;
				CLANG_WARN_UNREACHABLE_CODE = YES;
				CLANG_WARN__DUPLICATE_METHOD_MATCH = YES;
				CODE_SIGN_IDENTITY = "iPhone Developer";
				COPY_PHASE_STRIP = NO;
				DEBUG_INFORMATION_FORMAT = dwarf;
				ENABLE_STRICT_OBJC_MSGSEND = YES;
				ENABLE_TESTABILITY = YES;
				GCC_C_LANGUAGE_STANDARD = gnu11;
				GCC_DYNAMIC_NO_PIC = NO;
				GCC_NO_COMMON_BLOCKS = YES;
				GCC_OPTIMIZATION_LEVEL = 0;
				GCC_PREPROCESSOR_DEFINITIONS = (
					"DEBUG=1",
					"$(inherited)",
				);
				GCC_WARN_64_TO_32_BIT_CONVERSION = YES;
				GCC_WARN_ABOUT_RETURN_TYPE = YES_ERROR;
				GCC_WARN_UNDECLARED_SELECTOR = YES;
				GCC_WARN_UNINITIALIZED_AUTOS = YES_AGGRESSIVE;
				GCC_WARN_UNUSED_FUNCTION = YES;
				GCC_WARN_UNUSED_VARIABLE = YES;
				IPHONEOS_DEPLOYMENT_TARGET = 13.0;
				MTL_ENABLE_DEBUG_INFO = INCLUDE_SOURCE;
				MTL_FAST_MATH = YES;
				ONLY_ACTIVE_ARCH = YES;
				SDKROOT = iphoneos;
				SWIFT_ACTIVE_COMPILATION_CONDITIONS = DEBUG;
				SWIFT_OPTIMIZATION_LEVEL = "-Onone";
				SWIFT_VERSION = 5.0;
			};
			name = Debug;
		};
		C7653B7A2243390D000CDABB /* Release */ = {
			isa = XCBuildConfiguration;
			buildSettings = {
				ALWAYS_SEARCH_USER_PATHS = NO;
				CLANG_ANALYZER_NONNULL = YES;
				CLANG_ANALYZER_NUMBER_OBJECT_CONVERSION = YES_AGGRESSIVE;
				CLANG_CXX_LANGUAGE_STANDARD = "gnu++14";
				CLANG_CXX_LIBRARY = "libc++";
				CLANG_ENABLE_MODULES = YES;
				CLANG_ENABLE_OBJC_ARC = YES;
				CLANG_ENABLE_OBJC_WEAK = YES;
				CLANG_WARN_BLOCK_CAPTURE_AUTORELEASING = YES;
				CLANG_WARN_BOOL_CONVERSION = YES;
				CLANG_WARN_COMMA = YES;
				CLANG_WARN_CONSTANT_CONVERSION = YES;
				CLANG_WARN_DEPRECATED_OBJC_IMPLEMENTATIONS = YES;
				CLANG_WARN_DIRECT_OBJC_ISA_USAGE = YES_ERROR;
				CLANG_WARN_DOCUMENTATION_COMMENTS = YES;
				CLANG_WARN_EMPTY_BODY = YES;
				CLANG_WARN_ENUM_CONVERSION = YES;
				CLANG_WARN_INFINITE_RECURSION = YES;
				CLANG_WARN_INT_CONVERSION = YES;
				CLANG_WARN_NON_LITERAL_NULL_CONVERSION = YES;
				CLANG_WARN_OBJC_IMPLICIT_RETAIN_SELF = YES;
				CLANG_WARN_OBJC_LITERAL_CONVERSION = YES;
				CLANG_WARN_OBJC_ROOT_CLASS = YES_ERROR;
				CLANG_WARN_RANGE_LOOP_ANALYSIS = YES;
				CLANG_WARN_STRICT_PROTOTYPES = YES;
				CLANG_WARN_SUSPICIOUS_MOVE = YES;
				CLANG_WARN_UNGUARDED_AVAILABILITY = YES_AGGRESSIVE;
				CLANG_WARN_UNREACHABLE_CODE = YES;
				CLANG_WARN__DUPLICATE_METHOD_MATCH = YES;
				CODE_SIGN_IDENTITY = "iPhone Developer";
				COPY_PHASE_STRIP = NO;
				DEBUG_INFORMATION_FORMAT = "dwarf-with-dsym";
				ENABLE_NS_ASSERTIONS = NO;
				ENABLE_STRICT_OBJC_MSGSEND = YES;
				GCC_C_LANGUAGE_STANDARD = gnu11;
				GCC_NO_COMMON_BLOCKS = YES;
				GCC_WARN_64_TO_32_BIT_CONVERSION = YES;
				GCC_WARN_ABOUT_RETURN_TYPE = YES_ERROR;
				GCC_WARN_UNDECLARED_SELECTOR = YES;
				GCC_WARN_UNINITIALIZED_AUTOS = YES_AGGRESSIVE;
				GCC_WARN_UNUSED_FUNCTION = YES;
				GCC_WARN_UNUSED_VARIABLE = YES;
				IPHONEOS_DEPLOYMENT_TARGET = 13.0;
				MTL_ENABLE_DEBUG_INFO = NO;
				MTL_FAST_MATH = YES;
				SDKROOT = iphoneos;
				SWIFT_COMPILATION_MODE = wholemodule;
				SWIFT_OPTIMIZATION_LEVEL = "-O";
				SWIFT_VERSION = 5.0;
				VALIDATE_PRODUCT = YES;
			};
			name = Release;
		};
		C7653B7C2243390D000CDABB /* Debug */ = {
			isa = XCBuildConfiguration;
			baseConfigurationReference = AF4DCF7C845E193ECC6A9D3C /* Pods-CloudKitSynchronizer.debug.xcconfig */;
			buildSettings = {
				ASSETCATALOG_COMPILER_APPICON_NAME = AppIcon;
				CODE_SIGN_ENTITLEMENTS = CloudKitSynchronizer/CloudKitSynchronizer.entitlements;
				CODE_SIGN_STYLE = Automatic;
				DERIVE_MACCATALYST_PRODUCT_BUNDLE_IDENTIFIER = YES;
				DEVELOPMENT_TEAM = K8244XD42E;
				INFOPLIST_FILE = CloudKitSynchronizer/Info.plist;
				IPHONEOS_DEPLOYMENT_TARGET = 13.0;
				LD_RUNPATH_SEARCH_PATHS = (
					"$(inherited)",
					"@executable_path/Frameworks",
				);
				PRODUCT_BUNDLE_IDENTIFIER = com.kellyhuberty.CloudKitSynchronizer;
				PRODUCT_NAME = "$(TARGET_NAME)";
				SUPPORTS_MACCATALYST = YES;
				SWIFT_VERSION = 5.0;
				TARGETED_DEVICE_FAMILY = "1,2";
			};
			name = Debug;
		};
		C7653B7D2243390D000CDABB /* Release */ = {
			isa = XCBuildConfiguration;
			baseConfigurationReference = 924F6F494092E2F505D2CA15 /* Pods-CloudKitSynchronizer.release.xcconfig */;
			buildSettings = {
				ASSETCATALOG_COMPILER_APPICON_NAME = AppIcon;
				CODE_SIGN_ENTITLEMENTS = CloudKitSynchronizer/CloudKitSynchronizer.entitlements;
				CODE_SIGN_STYLE = Automatic;
				DERIVE_MACCATALYST_PRODUCT_BUNDLE_IDENTIFIER = YES;
				DEVELOPMENT_TEAM = K8244XD42E;
				INFOPLIST_FILE = CloudKitSynchronizer/Info.plist;
				IPHONEOS_DEPLOYMENT_TARGET = 13.0;
				LD_RUNPATH_SEARCH_PATHS = (
					"$(inherited)",
					"@executable_path/Frameworks",
				);
				PRODUCT_BUNDLE_IDENTIFIER = com.kellyhuberty.CloudKitSynchronizer;
				PRODUCT_NAME = "$(TARGET_NAME)";
				SUPPORTS_MACCATALYST = YES;
				SWIFT_VERSION = 5.0;
				TARGETED_DEVICE_FAMILY = "1,2";
			};
			name = Release;
		};
		C7653B7F2243390D000CDABB /* Debug */ = {
			isa = XCBuildConfiguration;
			baseConfigurationReference = B7200153EBD7878E90A555E6 /* Pods-CloudKitSynchronizerTests.debug.xcconfig */;
			buildSettings = {
				BUNDLE_LOADER = "$(TEST_HOST)";
				CODE_SIGN_STYLE = Automatic;
				DEVELOPMENT_TEAM = K8244XD42E;
				INFOPLIST_FILE = CloudKitSynchronizerTests/Info.plist;
				IPHONEOS_DEPLOYMENT_TARGET = 13.0;
				LD_RUNPATH_SEARCH_PATHS = (
					"$(inherited)",
					"@executable_path/Frameworks",
					"@loader_path/Frameworks",
				);
				PRODUCT_BUNDLE_IDENTIFIER = com.kellyhuberty.CloudKitSynchronizerTests;
				PRODUCT_NAME = "$(TARGET_NAME)";
				SWIFT_VERSION = 5.0;
				TARGETED_DEVICE_FAMILY = "1,2";
				TEST_HOST = "$(BUILT_PRODUCTS_DIR)/CloudKitSynchronizer.app/CloudKitSynchronizer";
			};
			name = Debug;
		};
		C7653B802243390D000CDABB /* Release */ = {
			isa = XCBuildConfiguration;
			baseConfigurationReference = 256681AE651DDDC1F00227D0 /* Pods-CloudKitSynchronizerTests.release.xcconfig */;
			buildSettings = {
				BUNDLE_LOADER = "$(TEST_HOST)";
				CODE_SIGN_STYLE = Automatic;
				DEVELOPMENT_TEAM = K8244XD42E;
				INFOPLIST_FILE = CloudKitSynchronizerTests/Info.plist;
				IPHONEOS_DEPLOYMENT_TARGET = 13.0;
				LD_RUNPATH_SEARCH_PATHS = (
					"$(inherited)",
					"@executable_path/Frameworks",
					"@loader_path/Frameworks",
				);
				PRODUCT_BUNDLE_IDENTIFIER = com.kellyhuberty.CloudKitSynchronizerTests;
				PRODUCT_NAME = "$(TARGET_NAME)";
				SWIFT_VERSION = 5.0;
				TARGETED_DEVICE_FAMILY = "1,2";
				TEST_HOST = "$(BUILT_PRODUCTS_DIR)/CloudKitSynchronizer.app/CloudKitSynchronizer";
			};
			name = Release;
		};
/* End XCBuildConfiguration section */

/* Begin XCConfigurationList section */
		C7653B592243390B000CDABB /* Build configuration list for PBXProject "CloudKitSynchronizer" */ = {
			isa = XCConfigurationList;
			buildConfigurations = (
				C7653B792243390D000CDABB /* Debug */,
				C7653B7A2243390D000CDABB /* Release */,
			);
			defaultConfigurationIsVisible = 0;
			defaultConfigurationName = Release;
		};
		C7653B7B2243390D000CDABB /* Build configuration list for PBXNativeTarget "CloudKitSynchronizer" */ = {
			isa = XCConfigurationList;
			buildConfigurations = (
				C7653B7C2243390D000CDABB /* Debug */,
				C7653B7D2243390D000CDABB /* Release */,
			);
			defaultConfigurationIsVisible = 0;
			defaultConfigurationName = Release;
		};
		C7653B7E2243390D000CDABB /* Build configuration list for PBXNativeTarget "CloudKitSynchronizerTests" */ = {
			isa = XCConfigurationList;
			buildConfigurations = (
				C7653B7F2243390D000CDABB /* Debug */,
				C7653B802243390D000CDABB /* Release */,
			);
			defaultConfigurationIsVisible = 0;
			defaultConfigurationName = Release;
		};
/* End XCConfigurationList section */
	};
	rootObject = C7653B562243390B000CDABB /* Project object */;
}
